
Microsoft Visual Studio Solution File, Format Version 12.00
# Visual Studio Version 16
VisualStudioVersion = 16.0.31112.23
MinimumVisualStudioVersion = 10.0.40219.1
Project("{FAE04EC0-301F-11D3-BF4B-00C04F79EFBC}") = "usporedivanje XMLdokumenta", "usporedivanje XMLdokumenta\usporedivanje XMLdokumenta.csproj", "{15DF5C9B-EB8E-4238-8CA9-661256F5E094}"
EndProject
Global
	GlobalSection(SolutionConfigurationPlatforms) = preSolution
		Debug|Any CPU = Debug|Any CPU
		Release|Any CPU = Release|Any CPU
	EndGlobalSection
	GlobalSection(ProjectConfigurationPlatforms) = postSolution
		{15DF5C9B-EB8E-4238-8CA9-661256F5E094}.Debug|Any CPU.ActiveCfg = Debug|Any CPU
		{15DF5C9B-EB8E-4238-8CA9-661256F5E094}.Debug|Any CPU.Build.0 = Debug|Any CPU
		{15DF5C9B-EB8E-4238-8CA9-661256F5E094}.Release|Any CPU.ActiveCfg = Release|Any CPU
		{15DF5C9B-EB8E-4238-8CA9-661256F5E094}.Release|Any CPU.Build.0 = Release|Any CPU
	EndGlobalSection
	GlobalSection(SolutionProperties) = preSolution
		HideSolutionNode = FALSE
	EndGlobalSection
	GlobalSection(ExtensibilityGlobals) = postSolution
		SolutionGuid = {A318156C-82B3-4F0B-AD44-3C3DFFF58700}
	EndGlobalSection
EndGlobal
